
Microsoft Visual Studio Solution File, Format Version 12.00
# Visual Studio Version 16
VisualStudioVersion = 16.0.31702.278
MinimumVisualStudioVersion = 10.0.40219.1
Project("{9A19103F-16F7-4668-BE54-9A1E7A4F7556}") = "SEOAnalyzer", "SEOAnalyzer\SEOAnalyzer.csproj", "{DC49B86B-9C40-40E6-9C5B-0670869B5C8B}"
EndProject
Global
	GlobalSection(SolutionConfigurationPlatforms) = preSolution
		Debug|Any CPU = Debug|Any CPU
		Release|Any CPU = Release|Any CPU
	EndGlobalSection
	GlobalSection(ProjectConfigurationPlatforms) = postSolution
		{DC49B86B-9C40-40E6-9C5B-0670869B5C8B}.Debug|Any CPU.ActiveCfg = Debug|Any CPU
		{DC49B86B-9C40-40E6-9C5B-0670869B5C8B}.Debug|Any CPU.Build.0 = Debug|Any CPU
		{DC49B86B-9C40-40E6-9C5B-0670869B5C8B}.Release|Any CPU.ActiveCfg = Release|Any CPU
		{DC49B86B-9C40-40E6-9C5B-0670869B5C8B}.Release|Any CPU.Build.0 = Release|Any CPU
	EndGlobalSection
	GlobalSection(SolutionProperties) = preSolution
		HideSolutionNode = FALSE
	EndGlobalSection
	GlobalSection(ExtensibilityGlobals) = postSolution
		SolutionGuid = {4AE8AD5E-3364-4825-B290-2A96CBA822D7}
	EndGlobalSection
EndGlobal
